
Microsoft Visual Studio Solution File, Format Version 12.00
# Visual Studio Version 16
VisualStudioVersion = 16.0.31410.357
MinimumVisualStudioVersion = 10.0.40219.1
Project("{9A19103F-16F7-4668-BE54-9A1E7A4F7556}") = "SensorLibrary", "SensorLibrary.csproj", "{13E95AB8-5F20-4CC3-9BC0-6F9A68822910}"
EndProject
Project("{9A19103F-16F7-4668-BE54-9A1E7A4F7556}") = "TestSensor", "..\TestSensor\TestSensor.csproj", "{29DCCBD1-0E77-4C59-A0C1-A8BCCEEBB969}"
EndProject
Project("{34036844-64E7-43A5-9151-4AD90E180989}") = "Humididty", "..\Humididty\Humididty.iotedgeproj", "{E7AC6F47-3990-40D7-B9B9-C536E97ABF37}"
EndProject
Project("{FAE04EC0-301F-11D3-BF4B-00C04F79EFBC}") = "Humidity", "..\Humidity\Humidity.csproj", "{68A8E5C6-CAFC-40B8-940B-083EB6652FF1}"
EndProject
Global
	GlobalSection(SolutionConfigurationPlatforms) = preSolution
		Debug|Any CPU = Debug|Any CPU
		Release|Any CPU = Release|Any CPU
	EndGlobalSection
	GlobalSection(ProjectConfigurationPlatforms) = postSolution
		{13E95AB8-5F20-4CC3-9BC0-6F9A68822910}.Debug|Any CPU.ActiveCfg = Debug|Any CPU
		{13E95AB8-5F20-4CC3-9BC0-6F9A68822910}.Debug|Any CPU.Build.0 = Debug|Any CPU
		{13E95AB8-5F20-4CC3-9BC0-6F9A68822910}.Release|Any CPU.ActiveCfg = Release|Any CPU
		{13E95AB8-5F20-4CC3-9BC0-6F9A68822910}.Release|Any CPU.Build.0 = Release|Any CPU
		{29DCCBD1-0E77-4C59-A0C1-A8BCCEEBB969}.Debug|Any CPU.ActiveCfg = Debug|Any CPU
		{29DCCBD1-0E77-4C59-A0C1-A8BCCEEBB969}.Debug|Any CPU.Build.0 = Debug|Any CPU
		{29DCCBD1-0E77-4C59-A0C1-A8BCCEEBB969}.Release|Any CPU.ActiveCfg = Release|Any CPU
		{29DCCBD1-0E77-4C59-A0C1-A8BCCEEBB969}.Release|Any CPU.Build.0 = Release|Any CPU
		{E7AC6F47-3990-40D7-B9B9-C536E97ABF37}.Debug|Any CPU.ActiveCfg = Debug|Any CPU
		{E7AC6F47-3990-40D7-B9B9-C536E97ABF37}.Debug|Any CPU.Build.0 = Debug|Any CPU
		{E7AC6F47-3990-40D7-B9B9-C536E97ABF37}.Release|Any CPU.ActiveCfg = Release|Any CPU
		{E7AC6F47-3990-40D7-B9B9-C536E97ABF37}.Release|Any CPU.Build.0 = Release|Any CPU
		{68A8E5C6-CAFC-40B8-940B-083EB6652FF1}.Debug|Any CPU.ActiveCfg = Debug|Any CPU
		{68A8E5C6-CAFC-40B8-940B-083EB6652FF1}.Debug|Any CPU.Build.0 = Debug|Any CPU
		{68A8E5C6-CAFC-40B8-940B-083EB6652FF1}.Release|Any CPU.ActiveCfg = Release|Any CPU
		{68A8E5C6-CAFC-40B8-940B-083EB6652FF1}.Release|Any CPU.Build.0 = Release|Any CPU
	EndGlobalSection
	GlobalSection(SolutionProperties) = preSolution
		HideSolutionNode = FALSE
	EndGlobalSection
	GlobalSection(ExtensibilityGlobals) = postSolution
		SolutionGuid = {8F071E4C-AE96-4247-AFBC-5FA3D6BD543B}
	EndGlobalSection
EndGlobal
